%{"bunt": {:hex, :bunt, "0.1.6", "5d95a6882f73f3b9969fdfd1953798046664e6f77ec4e486e6fafc7caad97c6f", [:mix], []},
  "certifi": {:hex, :certifi, "0.7.0", "861a57f3808f7eb0c2d1802afeaae0fa5de813b0df0979153cbafcd853ababaf", [:rebar3], []},
  "credo": {:hex, :credo, "0.5.3", "0c405b36e7651245a8ed63c09e2d52c2e2b89b6d02b1570c4d611e0fcbecf4a2", [:mix], [{:bunt, "~> 0.1.6", [hex: :bunt, optional: false]}]},
  "earmark": {:hex, :earmark, "1.0.3", "89bdbaf2aca8bbb5c97d8b3b55c5dd0cff517ecc78d417e87f1d0982e514557b", [:mix], []},
  "ex_doc": {:hex, :ex_doc, "0.14.5", "c0433c8117e948404d93ca69411dd575ec6be39b47802e81ca8d91017a0cf83c", [:mix], [{:earmark, "~> 1.0", [hex: :earmark, optional: false]}]},
  "hackney": {:hex, :hackney, "1.6.5", "8c025ee397ac94a184b0743c73b33b96465e85f90a02e210e86df6cbafaa5065", [:rebar3], [{:certifi, "0.7.0", [hex: :certifi, optional: false]}, {:idna, "1.2.0", [hex: :idna, optional: false]}, {:metrics, "1.0.1", [hex: :metrics, optional: false]}, {:mimerl, "1.0.2", [hex: :mimerl, optional: false]}, {:ssl_verify_fun, "1.1.1", [hex: :ssl_verify_fun, optional: false]}]},
  "httpoison": {:hex, :httpoison, "0.11.0", "b9240a9c44fc46fcd8618d17898859ba09a3c1b47210b74316c0ffef10735e76", [:mix], [{:hackney, "~> 1.6.3", [hex: :hackney, optional: false]}]},
  "idna": {:hex, :idna, "1.2.0", "ac62ee99da068f43c50dc69acf700e03a62a348360126260e87f2b54eced86b2", [:rebar3], []},
  "metrics": {:hex, :metrics, "1.0.1", "25f094dea2cda98213cecc3aeff09e940299d950904393b2a29d191c346a8486", [:rebar3], []},
  "mime": {:hex, :mime, "1.0.1", "05c393850524767d13a53627df71beeebb016205eb43bfbd92d14d24ec7a1b51", [:mix], []},
  "mimerl": {:hex, :mimerl, "1.0.2", "993f9b0e084083405ed8252b99460c4f0563e41729ab42d9074fd5e52439be88", [:rebar3], []},
  "mimetype_parser": {:hex, :mimetype_parser, "0.1.0"},
  "oauth": {:git, "https://github.com/tim/erlang-oauth.git", "fca8163e8f7af867015e2413c4b03a4f8f4df0c9", []},
  "oauth2": {:hex, :oauth2, "0.5.0"},
  "oauther": {:hex, :oauther, "1.0.2"},
  "plug": {:hex, :plug, "1.3.0", "6e2b01afc5db3fd011ca4a16efd9cb424528c157c30a44a0186bcc92c7b2e8f3", [:mix], [{:cowboy, "~> 1.0.1 or ~> 1.1", [hex: :cowboy, optional: true]}, {:mime, "~> 1.0", [hex: :mime, optional: false]}]},
  "poison": {:hex, :poison, "2.2.0", "4763b69a8a77bd77d26f477d196428b741261a761257ff1cf92753a0d4d24a63", [:mix], []},
  "ssl_verify_fun": {:hex, :ssl_verify_fun, "1.1.1", "28a4d65b7f59893bc2c7de786dec1e1555bd742d336043fe644ae956c3497fbe", [:make, :rebar], []},
  "ssl_verify_hostname": {:hex, :ssl_verify_hostname, "1.0.5", "2e73e068cd6393526f9fa6d399353d7c9477d6886ba005f323b592d389fb47be", [:make], []},
  "ueberauth": {:hex, :ueberauth, "0.4.0", "bc72d5e5a7bdcbfcf28a756e34630816edabc926303bdce7e171f7ac7ffa4f91", [:mix], [{:plug, "~> 1.2", [hex: :plug, optional: false]}]}}
